
Microsoft Visual Studio Solution File, Format Version 12.00
# Visual Studio Version 17
VisualStudioVersion = 17.3.32929.385
MinimumVisualStudioVersion = 10.0.40219.1
Project("{FAE04EC0-301F-11D3-BF4B-00C04F79EFBC}") = "decoder", "decoder\decoder.csproj", "{1F39C1BF-21C2-48C2-A18B-233EF1291211}"
EndProject
Global
	GlobalSection(SolutionConfigurationPlatforms) = preSolution
		Debug|Any CPU = Debug|Any CPU
		Release|Any CPU = Release|Any CPU
	EndGlobalSection
	GlobalSection(ProjectConfigurationPlatforms) = postSolution
		{1F39C1BF-21C2-48C2-A18B-233EF1291211}.Debug|Any CPU.ActiveCfg = Debug|Any CPU
		{1F39C1BF-21C2-48C2-A18B-233EF1291211}.Debug|Any CPU.Build.0 = Debug|Any CPU
		{1F39C1BF-21C2-48C2-A18B-233EF1291211}.Release|Any CPU.ActiveCfg = Release|Any CPU
		{1F39C1BF-21C2-48C2-A18B-233EF1291211}.Release|Any CPU.Build.0 = Release|Any CPU
	EndGlobalSection
	GlobalSection(SolutionProperties) = preSolution
		HideSolutionNode = FALSE
	EndGlobalSection
	GlobalSection(ExtensibilityGlobals) = postSolution
		SolutionGuid = {3AA3E9A5-319A-478B-AFDB-9FF1A31DBE65}
	EndGlobalSection
EndGlobal
